# Digest lock of the frozen vendor-neutral public contract artifacts.
# Regenerate with: go run ./cmd/contract-lock -update
# Verify with:     go run ./cmd/contract-lock -verify
protocol: agentnexus-public-contract
normalization: lf
generated_by: go run ./cmd/contract-lock -update
files:
  - path: api/CHANGELOG.yaml
    sha256: sha256:f4e0ff9caaf703c1d33c76ef20e6f519db29f8311e1ee19832492821dfe2eac5
  - path: api/openapi/gateway-agent.yaml
    sha256: sha256:8ad81f15fe41c7d356bd4e7169c544931a031a16c276d587998a5de5fa87ded7
  - path: api/openapi/gateway-runtime.yaml
    sha256: sha256:ff0aa88ee1122d3587f5b080a860c4611e40d1e680f80c5bd9954605a230919f
  - path: api/proto/agentnexus/actions/v1/actions.proto
    sha256: sha256:67aa032ccbdcd7cfe7b77e624138dc83fff2cae71639df995cf612e4c67ba099
  - path: api/proto/agentnexus/audit/v1/audit.proto
    sha256: sha256:3ee0b75558ae2605e7c591a07dc3b9dfc703dcba3a46c87cb629af9f304a1ee4
  - path: api/proto/agentnexus/evidence/v1/evidence.proto
    sha256: sha256:7f192784df3bc58d326f5386ebd9ba61e47c73e89b4ab66cc319550a2527e384
  - path: api/proto/agentnexus/trust/v1/trust.proto
    sha256: sha256:7c63d372d5c3fefabd48d982e1af831da14fd65fb278071c3c5a8bf0e64d94eb
