# Digest lock of the frozen vendor-neutral public contract artifacts.
# Regenerate with: go run ./cmd/contract-lock -update
# Verify with:     go run ./cmd/contract-lock -verify
protocol: agentnexus-public-contract
normalization: lf
generated_by: go run ./cmd/contract-lock -update
files:
  - path: api/CHANGELOG.yaml
    sha256: sha256:a912f42fd14a1d19feb4e39def860a498817fe992e55acada469a216af9601fa
  - path: api/openapi/gateway-agent.yaml
    sha256: sha256:8ad81f15fe41c7d356bd4e7169c544931a031a16c276d587998a5de5fa87ded7
  - path: api/openapi/gateway-runtime.yaml
    sha256: sha256:a1bb6dac59bfc1e95739cc80b0768d6ec67f61aaf55db75be3b9be4bb842bcb2
  - path: api/proto/agentnexus/actions/v1/actions.proto
    sha256: sha256:67aa032ccbdcd7cfe7b77e624138dc83fff2cae71639df995cf612e4c67ba099
  - path: api/proto/agentnexus/audit/v1/audit.proto
    sha256: sha256:edb9e279511964f5cc3fa70ac009b006d00d782a111a1cd348d775f790edff73
  - path: api/proto/agentnexus/evidence/v1/evidence.proto
    sha256: sha256:7f192784df3bc58d326f5386ebd9ba61e47c73e89b4ab66cc319550a2527e384
  - path: api/proto/agentnexus/trust/v1/trust.proto
    sha256: sha256:7c63d372d5c3fefabd48d982e1af831da14fd65fb278071c3c5a8bf0e64d94eb
